
Microsoft Visual Studio Solution File, Format Version 12.00
Project("{FAE04EC0-301F-11D3-BF4B-00C04F79EFBC}") = "Nasa.Pathfinder", "src\Nasa.Pathfinder\Nasa.Pathfinder.csproj", "{7E2325DA-AFA2-4519-A09B-5190B599666F}"
EndProject
Project("{FAE04EC0-301F-11D3-BF4B-00C04F79EFBC}") = "Nasa.Pathfinder.Data", "src\Nasa.Pathfinder.Data\Nasa.Pathfinder.Data.csproj", "{EEB22DB4-B290-4F74-9734-EA7D2ADF3F1E}"
EndProject
Project("{FAE04EC0-301F-11D3-BF4B-00C04F79EFBC}") = "Nasa.Pathfinder.Domain", "src\Nasa.Pathfinder.Domain\Nasa.Pathfinder.Domain.csproj", "{95F04E98-B758-4956-8C6A-474AAD47BE01}"
EndProject
Project("{FAE04EC0-301F-11D3-BF4B-00C04F79EFBC}") = "Nasa.Pathfinder.Facades.Contracts", "src\Nasa.Pathfinder.Facades.Contracts\Nasa.Pathfinder.Facades.Contracts.csproj", "{B08BDD09-6E1E-4360-A884-A76CB623AEE7}"
EndProject
Project("{FAE04EC0-301F-11D3-BF4B-00C04F79EFBC}") = "Nasa.Pathfinder.Infrastructure", "src\Nasa.Pathfinder.Infrastructure\Nasa.Pathfinder.Infrastructure.csproj", "{058470E0-CF21-455E-B8A5-555C3A452495}"
EndProject
Project("{FAE04EC0-301F-11D3-BF4B-00C04F79EFBC}") = "Nasa.Pathfinder.Services", "src\Nasa.Pathfinder.Services\Nasa.Pathfinder.Services.csproj", "{B2CD06B2-F560-4765-8F12-C9DC641B29AE}"
EndProject
Global
	GlobalSection(SolutionConfigurationPlatforms) = preSolution
		Debug|Any CPU = Debug|Any CPU
		Release|Any CPU = Release|Any CPU
	EndGlobalSection
	GlobalSection(ProjectConfigurationPlatforms) = postSolution
		{7E2325DA-AFA2-4519-A09B-5190B599666F}.Debug|Any CPU.ActiveCfg = Debug|Any CPU
		{7E2325DA-AFA2-4519-A09B-5190B599666F}.Debug|Any CPU.Build.0 = Debug|Any CPU
		{7E2325DA-AFA2-4519-A09B-5190B599666F}.Release|Any CPU.ActiveCfg = Release|Any CPU
		{7E2325DA-AFA2-4519-A09B-5190B599666F}.Release|Any CPU.Build.0 = Release|Any CPU
		{EEB22DB4-B290-4F74-9734-EA7D2ADF3F1E}.Debug|Any CPU.ActiveCfg = Debug|Any CPU
		{EEB22DB4-B290-4F74-9734-EA7D2ADF3F1E}.Debug|Any CPU.Build.0 = Debug|Any CPU
		{EEB22DB4-B290-4F74-9734-EA7D2ADF3F1E}.Release|Any CPU.ActiveCfg = Release|Any CPU
		{EEB22DB4-B290-4F74-9734-EA7D2ADF3F1E}.Release|Any CPU.Build.0 = Release|Any CPU
		{95F04E98-B758-4956-8C6A-474AAD47BE01}.Debug|Any CPU.ActiveCfg = Debug|Any CPU
		{95F04E98-B758-4956-8C6A-474AAD47BE01}.Debug|Any CPU.Build.0 = Debug|Any CPU
		{95F04E98-B758-4956-8C6A-474AAD47BE01}.Release|Any CPU.ActiveCfg = Release|Any CPU
		{95F04E98-B758-4956-8C6A-474AAD47BE01}.Release|Any CPU.Build.0 = Release|Any CPU
		{B08BDD09-6E1E-4360-A884-A76CB623AEE7}.Debug|Any CPU.ActiveCfg = Debug|Any CPU
		{B08BDD09-6E1E-4360-A884-A76CB623AEE7}.Debug|Any CPU.Build.0 = Debug|Any CPU
		{B08BDD09-6E1E-4360-A884-A76CB623AEE7}.Release|Any CPU.ActiveCfg = Release|Any CPU
		{B08BDD09-6E1E-4360-A884-A76CB623AEE7}.Release|Any CPU.Build.0 = Release|Any CPU
		{058470E0-CF21-455E-B8A5-555C3A452495}.Debug|Any CPU.ActiveCfg = Debug|Any CPU
		{058470E0-CF21-455E-B8A5-555C3A452495}.Debug|Any CPU.Build.0 = Debug|Any CPU
		{058470E0-CF21-455E-B8A5-555C3A452495}.Release|Any CPU.ActiveCfg = Release|Any CPU
		{058470E0-CF21-455E-B8A5-555C3A452495}.Release|Any CPU.Build.0 = Release|Any CPU
		{B2CD06B2-F560-4765-8F12-C9DC641B29AE}.Debug|Any CPU.ActiveCfg = Debug|Any CPU
		{B2CD06B2-F560-4765-8F12-C9DC641B29AE}.Debug|Any CPU.Build.0 = Debug|Any CPU
		{B2CD06B2-F560-4765-8F12-C9DC641B29AE}.Release|Any CPU.ActiveCfg = Release|Any CPU
		{B2CD06B2-F560-4765-8F12-C9DC641B29AE}.Release|Any CPU.Build.0 = Release|Any CPU
	EndGlobalSection
EndGlobal
