
Microsoft Visual Studio Solution File, Format Version 12.00
Project("{FAE04EC0-301F-11D3-BF4B-00C04F79EFBC}") = "Nasa.Pathfinder", "src\Nasa.Pathfinder\Nasa.Pathfinder.csproj", "{7E2325DA-AFA2-4519-A09B-5190B599666F}"
EndProject
Project("{FAE04EC0-301F-11D3-BF4B-00C04F79EFBC}") = "Nasa.Pathfinder.Data", "src\Nasa.Pathfinder.Data\Nasa.Pathfinder.Data.csproj", "{EEB22DB4-B290-4F74-9734-EA7D2ADF3F1E}"
EndProject
Project("{FAE04EC0-301F-11D3-BF4B-00C04F79EFBC}") = "Nasa.Pathfinder.Domain", "src\Nasa.Pathfinder.Domain\Nasa.Pathfinder.Domain.csproj", "{95F04E98-B758-4956-8C6A-474AAD47BE01}"
EndProject
Project("{FAE04EC0-301F-11D3-BF4B-00C04F79EFBC}") = "Nasa.Pathfinder.Facades.Contracts", "src\Nasa.Pathfinder.Facades.Contracts\Nasa.Pathfinder.Facades.Contracts.csproj", "{B08BDD09-6E1E-4360-A884-A76CB623AEE7}"
EndProject
Project("{FAE04EC0-301F-11D3-BF4B-00C04F79EFBC}") = "Nasa.Pathfinder.Infrastructure", "src\Nasa.Pathfinder.Infrastructure\Nasa.Pathfinder.Infrastructure.csproj", "{058470E0-CF21-455E-B8A5-555C3A452495}"
EndProject
Project("{FAE04EC0-301F-11D3-BF4B-00C04F79EFBC}") = "Nasa.Pathfinder.Services", "src\Nasa.Pathfinder.Services\Nasa.Pathfinder.Services.csproj", "{B2CD06B2-F560-4765-8F12-C9DC641B29AE}"
EndProject
Project("{2150E333-8FDC-42A3-9474-1A3956D46DE8}") = "Tests", "Tests", "{D22BFA17-E54D-407A-99D7-AFE6941632ED}"
EndProject
Project("{FAE04EC0-301F-11D3-BF4B-00C04F79EFBC}") = "Nasa.Pathfinder.Facades.Tests", "tests\Nasa.Pathfinder.Facades.Tests\Nasa.Pathfinder.Facades.Tests.csproj", "{FD0F4E52-A493-4B45-9348-95DA6CDF1725}"
EndProject
Project("{FAE04EC0-301F-11D3-BF4B-00C04F79EFBC}") = "Nasa.Pathfinder.Facades", "src\Nasa.Pathfinder.Facades\Nasa.Pathfinder.Facades.csproj", "{48BBB089-BFA5-4A3E-8EE9-1C2A0CBF87AB}"
EndProject
Project("{FAE04EC0-301F-11D3-BF4B-00C04F79EFBC}") = "Nasa.Pathfinder.Data.Contracts", "src\Nasa.Pathfinder.Data.Contracts\Nasa.Pathfinder.Data.Contracts.csproj", "{E7216774-DEDF-4F9A-8142-613419C1DA3C}"
EndProject
Project("{FAE04EC0-301F-11D3-BF4B-00C04F79EFBC}") = "Nasa.Pathfinder.Tests", "tests\Nasa.Pathfinder.Tests\Nasa.Pathfinder.Tests.csproj", "{9F16D2F2-D9F1-46B9-B539-A0708480FF73}"
EndProject
Project("{FAE04EC0-301F-11D3-BF4B-00C04F79EFBC}") = "Nasa.Pathfinder.Infrastructure.Contracts", "src\Nasa.Pathfinder.Infrastructure.Contracts\Nasa.Pathfinder.Infrastructure.Contracts.csproj", "{3DFAEA2F-44E7-480F-8F9B-FB51660E8AFE}"
EndProject
Project("{FAE04EC0-301F-11D3-BF4B-00C04F79EFBC}") = "Nasa.Pathfinder.Services.Contracts", "src\Nasa.Pathfinder.Services.Contracts\Nasa.Pathfinder.Services.Contracts.csproj", "{2145D10F-C65B-40A8-AC75-216565351003}"
EndProject
Global
	GlobalSection(SolutionConfigurationPlatforms) = preSolution
		Debug|Any CPU = Debug|Any CPU
		Release|Any CPU = Release|Any CPU
	EndGlobalSection
	GlobalSection(ProjectConfigurationPlatforms) = postSolution
		{7E2325DA-AFA2-4519-A09B-5190B599666F}.Debug|Any CPU.ActiveCfg = Debug|Any CPU
		{7E2325DA-AFA2-4519-A09B-5190B599666F}.Debug|Any CPU.Build.0 = Debug|Any CPU
		{7E2325DA-AFA2-4519-A09B-5190B599666F}.Release|Any CPU.ActiveCfg = Release|Any CPU
		{7E2325DA-AFA2-4519-A09B-5190B599666F}.Release|Any CPU.Build.0 = Release|Any CPU
		{EEB22DB4-B290-4F74-9734-EA7D2ADF3F1E}.Debug|Any CPU.ActiveCfg = Debug|Any CPU
		{EEB22DB4-B290-4F74-9734-EA7D2ADF3F1E}.Debug|Any CPU.Build.0 = Debug|Any CPU
		{EEB22DB4-B290-4F74-9734-EA7D2ADF3F1E}.Release|Any CPU.ActiveCfg = Release|Any CPU
		{EEB22DB4-B290-4F74-9734-EA7D2ADF3F1E}.Release|Any CPU.Build.0 = Release|Any CPU
		{95F04E98-B758-4956-8C6A-474AAD47BE01}.Debug|Any CPU.ActiveCfg = Debug|Any CPU
		{95F04E98-B758-4956-8C6A-474AAD47BE01}.Debug|Any CPU.Build.0 = Debug|Any CPU
		{95F04E98-B758-4956-8C6A-474AAD47BE01}.Release|Any CPU.ActiveCfg = Release|Any CPU
		{95F04E98-B758-4956-8C6A-474AAD47BE01}.Release|Any CPU.Build.0 = Release|Any CPU
		{B08BDD09-6E1E-4360-A884-A76CB623AEE7}.Debug|Any CPU.ActiveCfg = Debug|Any CPU
		{B08BDD09-6E1E-4360-A884-A76CB623AEE7}.Debug|Any CPU.Build.0 = Debug|Any CPU
		{B08BDD09-6E1E-4360-A884-A76CB623AEE7}.Release|Any CPU.ActiveCfg = Release|Any CPU
		{B08BDD09-6E1E-4360-A884-A76CB623AEE7}.Release|Any CPU.Build.0 = Release|Any CPU
		{058470E0-CF21-455E-B8A5-555C3A452495}.Debug|Any CPU.ActiveCfg = Debug|Any CPU
		{058470E0-CF21-455E-B8A5-555C3A452495}.Debug|Any CPU.Build.0 = Debug|Any CPU
		{058470E0-CF21-455E-B8A5-555C3A452495}.Release|Any CPU.ActiveCfg = Release|Any CPU
		{058470E0-CF21-455E-B8A5-555C3A452495}.Release|Any CPU.Build.0 = Release|Any CPU
		{B2CD06B2-F560-4765-8F12-C9DC641B29AE}.Debug|Any CPU.ActiveCfg = Debug|Any CPU
		{B2CD06B2-F560-4765-8F12-C9DC641B29AE}.Debug|Any CPU.Build.0 = Debug|Any CPU
		{B2CD06B2-F560-4765-8F12-C9DC641B29AE}.Release|Any CPU.ActiveCfg = Release|Any CPU
		{B2CD06B2-F560-4765-8F12-C9DC641B29AE}.Release|Any CPU.Build.0 = Release|Any CPU
		{FD0F4E52-A493-4B45-9348-95DA6CDF1725}.Debug|Any CPU.ActiveCfg = Debug|Any CPU
		{FD0F4E52-A493-4B45-9348-95DA6CDF1725}.Debug|Any CPU.Build.0 = Debug|Any CPU
		{FD0F4E52-A493-4B45-9348-95DA6CDF1725}.Release|Any CPU.ActiveCfg = Release|Any CPU
		{FD0F4E52-A493-4B45-9348-95DA6CDF1725}.Release|Any CPU.Build.0 = Release|Any CPU
		{48BBB089-BFA5-4A3E-8EE9-1C2A0CBF87AB}.Debug|Any CPU.ActiveCfg = Debug|Any CPU
		{48BBB089-BFA5-4A3E-8EE9-1C2A0CBF87AB}.Debug|Any CPU.Build.0 = Debug|Any CPU
		{48BBB089-BFA5-4A3E-8EE9-1C2A0CBF87AB}.Release|Any CPU.ActiveCfg = Release|Any CPU
		{48BBB089-BFA5-4A3E-8EE9-1C2A0CBF87AB}.Release|Any CPU.Build.0 = Release|Any CPU
		{E7216774-DEDF-4F9A-8142-613419C1DA3C}.Debug|Any CPU.ActiveCfg = Debug|Any CPU
		{E7216774-DEDF-4F9A-8142-613419C1DA3C}.Debug|Any CPU.Build.0 = Debug|Any CPU
		{E7216774-DEDF-4F9A-8142-613419C1DA3C}.Release|Any CPU.ActiveCfg = Release|Any CPU
		{E7216774-DEDF-4F9A-8142-613419C1DA3C}.Release|Any CPU.Build.0 = Release|Any CPU
		{9F16D2F2-D9F1-46B9-B539-A0708480FF73}.Debug|Any CPU.ActiveCfg = Debug|Any CPU
		{9F16D2F2-D9F1-46B9-B539-A0708480FF73}.Debug|Any CPU.Build.0 = Debug|Any CPU
		{9F16D2F2-D9F1-46B9-B539-A0708480FF73}.Release|Any CPU.ActiveCfg = Release|Any CPU
		{9F16D2F2-D9F1-46B9-B539-A0708480FF73}.Release|Any CPU.Build.0 = Release|Any CPU
		{3DFAEA2F-44E7-480F-8F9B-FB51660E8AFE}.Debug|Any CPU.ActiveCfg = Debug|Any CPU
		{3DFAEA2F-44E7-480F-8F9B-FB51660E8AFE}.Debug|Any CPU.Build.0 = Debug|Any CPU
		{3DFAEA2F-44E7-480F-8F9B-FB51660E8AFE}.Release|Any CPU.ActiveCfg = Release|Any CPU
		{3DFAEA2F-44E7-480F-8F9B-FB51660E8AFE}.Release|Any CPU.Build.0 = Release|Any CPU
		{2145D10F-C65B-40A8-AC75-216565351003}.Debug|Any CPU.ActiveCfg = Debug|Any CPU
		{2145D10F-C65B-40A8-AC75-216565351003}.Debug|Any CPU.Build.0 = Debug|Any CPU
		{2145D10F-C65B-40A8-AC75-216565351003}.Release|Any CPU.ActiveCfg = Release|Any CPU
		{2145D10F-C65B-40A8-AC75-216565351003}.Release|Any CPU.Build.0 = Release|Any CPU
	EndGlobalSection
	GlobalSection(NestedProjects) = preSolution
		{FD0F4E52-A493-4B45-9348-95DA6CDF1725} = {D22BFA17-E54D-407A-99D7-AFE6941632ED}
		{9F16D2F2-D9F1-46B9-B539-A0708480FF73} = {D22BFA17-E54D-407A-99D7-AFE6941632ED}
	EndGlobalSection
EndGlobal
